
Microsoft Visual Studio Solution File, Format Version 12.00
# Visual Studio Version 16
VisualStudioVersion = 16.0.29728.190
MinimumVisualStudioVersion = 10.0.40219.1
Project("{FAE04EC0-301F-11D3-BF4B-00C04F79EFBC}") = "HospitalManagementSystem", "HospitalManagementSystem\HospitalManagementSystem.csproj", "{B53BF5E9-DE0F-4A8B-A7C4-5C4413674BFF}"
EndProject
Project("{FAE04EC0-301F-11D3-BF4B-00C04F79EFBC}") = "DAL", "DAL\DAL.csproj", "{C02BD2F1-A862-49F1-8B16-0EE3D8A4C59C}"
EndProject
Project("{FAE04EC0-301F-11D3-BF4B-00C04F79EFBC}") = "BLL", "BLL\BLL.csproj", "{D61DC83A-357F-4518-8203-AC757CF7EB16}"
EndProject
Project("{FAE04EC0-301F-11D3-BF4B-00C04F79EFBC}") = "BEL", "BEL\BEL.csproj", "{768C8EB0-1759-4CE3-8C10-C4A582DC7628}"
EndProject
Global
	GlobalSection(SolutionConfigurationPlatforms) = preSolution
		Debug|Any CPU = Debug|Any CPU
		Release|Any CPU = Release|Any CPU
	EndGlobalSection
	GlobalSection(ProjectConfigurationPlatforms) = postSolution
		{B53BF5E9-DE0F-4A8B-A7C4-5C4413674BFF}.Debug|Any CPU.ActiveCfg = Debug|Any CPU
		{B53BF5E9-DE0F-4A8B-A7C4-5C4413674BFF}.Debug|Any CPU.Build.0 = Debug|Any CPU
		{B53BF5E9-DE0F-4A8B-A7C4-5C4413674BFF}.Release|Any CPU.ActiveCfg = Release|Any CPU
		{B53BF5E9-DE0F-4A8B-A7C4-5C4413674BFF}.Release|Any CPU.Build.0 = Release|Any CPU
		{C02BD2F1-A862-49F1-8B16-0EE3D8A4C59C}.Debug|Any CPU.ActiveCfg = Debug|Any CPU
		{C02BD2F1-A862-49F1-8B16-0EE3D8A4C59C}.Debug|Any CPU.Build.0 = Debug|Any CPU
		{C02BD2F1-A862-49F1-8B16-0EE3D8A4C59C}.Release|Any CPU.ActiveCfg = Release|Any CPU
		{C02BD2F1-A862-49F1-8B16-0EE3D8A4C59C}.Release|Any CPU.Build.0 = Release|Any CPU
		{D61DC83A-357F-4518-8203-AC757CF7EB16}.Debug|Any CPU.ActiveCfg = Debug|Any CPU
		{D61DC83A-357F-4518-8203-AC757CF7EB16}.Debug|Any CPU.Build.0 = Debug|Any CPU
		{D61DC83A-357F-4518-8203-AC757CF7EB16}.Release|Any CPU.ActiveCfg = Release|Any CPU
		{D61DC83A-357F-4518-8203-AC757CF7EB16}.Release|Any CPU.Build.0 = Release|Any CPU
		{768C8EB0-1759-4CE3-8C10-C4A582DC7628}.Debug|Any CPU.ActiveCfg = Debug|Any CPU
		{768C8EB0-1759-4CE3-8C10-C4A582DC7628}.Debug|Any CPU.Build.0 = Debug|Any CPU
		{768C8EB0-1759-4CE3-8C10-C4A582DC7628}.Release|Any CPU.ActiveCfg = Release|Any CPU
		{768C8EB0-1759-4CE3-8C10-C4A582DC7628}.Release|Any CPU.Build.0 = Release|Any CPU
	EndGlobalSection
	GlobalSection(SolutionProperties) = preSolution
		HideSolutionNode = FALSE
	EndGlobalSection
	GlobalSection(ExtensibilityGlobals) = postSolution
		SolutionGuid = {78D01B12-11C1-45AF-9F06-848FD9A326A8}
	EndGlobalSection
EndGlobal
